{
  "name": "crowdhandler-cloudflare-integration",
  "version": "1.0.0",
  "lockfileVersion": 1,
  "requires": true,
  "dependencies": {
    "await-timeout": {
      "version": "1.1.1",
      "resolved": "https://registry.npmjs.org/await-timeout/-/await-timeout-1.1.1.tgz",
      "integrity": "sha512-gsDXAS6XVc4Jt+7S92MPX6Noq69bdeXUPEaXd8dk3+yVr629LTDLxNt4j1ycBbrU+AStK2PhKIyNIM+xzWMVOQ=="
    },
    "prettier": {
      "version": "1.19.1",
      "resolved": "https://registry.npmjs.org/prettier/-/prettier-1.19.1.tgz",
      "integrity": "sha512-s7PoyDv/II1ObgQunCbB9PdLmUcBZcnWOcxDh7O0N/UwDEsHyqkW+Qh28jW+mVuCdx7gLB0BotYI1Y6uI9iyew==",
      "dev": true
    }
  }
}
